// !$*UTF8*$!
{
	archiveVersion = 1;
	classes = {
	};
	objectVersion = 54;
	objects = {

/* Begin PBXBuildFile section */
		00E356F31AD99517003FC87E /* OpensTests.m in Sources */ = {isa = PBXBuildFile; fileRef = 00E356F21AD99517003FC87E /* OpensTests.m */; };
		13B07FBC1A68108700A75B9A /* AppDelegate.m in Sources */ = {isa = PBXBuildFile; fileRef = 13B07FB01A68108700A75B9A /* AppDelegate.m */; };
		13B07FBF1A68108700A75B9A /* Images.xcassets in Resources */ = {isa = PBXBuildFile; fileRef = 13B07FB51A68108700A75B9A /* Images.xcassets */; };
		13B07FC11A68108700A75B9A /* main.m in Sources */ = {isa = PBXBuildFile; fileRef = 13B07FB71A68108700A75B9A /* main.m */; };
		81AB9BB82411601600AC10FF /* LaunchScreen.storyboard in Resources */ = {isa = PBXBuildFile; fileRef = 81AB9BB72411601600AC10FF /* LaunchScreen.storyboard */; };
		53FBCB6660E74E23A6B79DC8 /* ZenDots-Regular.ttf in Resources */ = {isa = PBXBuildFile; fileRef = 59036B1740AF476E82F5F74E /* ZenDots-Regular.ttf */; };
		1F8B23D587DB4A33A4A24EB2 /* AntDesign.ttf in Resources */ = {isa = PBXBuildFile; fileRef = 6DFC65C69F0544A883F6994A /* AntDesign.ttf */; };
		7E2D13C89FDD4B90B23DAB59 /* Entypo.ttf in Resources */ = {isa = PBXBuildFile; fileRef = 9DABAA97201645519B64B058 /* Entypo.ttf */; };
		B1BBD9D6164743B9AE83F75D /* EvilIcons.ttf in Resources */ = {isa = PBXBuildFile; fileRef = 4AE307A89C8141A781A88CC5 /* EvilIcons.ttf */; };
		E4C573752C014C3984B6B1C3 /* Feather.ttf in Resources */ = {isa = PBXBuildFile; fileRef = BB875B6AE74644698BCC8B73 /* Feather.ttf */; };
		3A173382DAAA462EA6CEF0E0 /* FontAwesome.ttf in Resources */ = {isa = PBXBuildFile; fileRef = 29B36FFC33D54034A283F71A /* FontAwesome.ttf */; };
		DB6BEF6A4EE74BF6859B687D /* FontAwesome5_Brands.ttf in Resources */ = {isa = PBXBuildFile; fileRef = 0F57AB92FE5240F8B8B346CF /* FontAwesome5_Brands.ttf */; };
		C97F4DA7CF0A414F92F96B96 /* FontAwesome5_Regular.ttf in Resources */ = {isa = PBXBuildFile; fileRef = B77CC1431CF44308BE203D3C /* FontAwesome5_Regular.ttf */; };
		267FD93285994753A4B44E3F /* FontAwesome5_Solid.ttf in Resources */ = {isa = PBXBuildFile; fileRef = AA5613EC6D85412589817B9A /* FontAwesome5_Solid.ttf */; };
		54690D79B10B479AB1B29408 /* Fontisto.ttf in Resources */ = {isa = PBXBuildFile; fileRef = FA56E042E4C645A9A565B0B7 /* Fontisto.ttf */; };
		27213B65999B4D7199EAA1B2 /* Foundation.ttf in Resources */ = {isa = PBXBuildFile; fileRef = 8D3E1B3FB2BB47B7A65EB8AB /* Foundation.ttf */; };
		B4EEFE9968C74F0AA99774E0 /* Ionicons.ttf in Resources */ = {isa = PBXBuildFile; fileRef = 842A8C314E9A4E8C9C7339D4 /* Ionicons.ttf */; };
		496B72E50C8D43C2B9066039 /* MaterialCommunityIcons.ttf in Resources */ = {isa = PBXBuildFile; fileRef = B26DA1858268471680CCD1BA /* MaterialCommunityIcons.ttf */; };
		9043A0BE364B49FDA75B9A21 /* MaterialIcons.ttf in Resources */ = {isa = PBXBuildFile; fileRef = D0D4BB4D9306450CA5533F93 /* MaterialIcons.ttf */; };
		0532E6FB23A84215BBAE3D17 /* Octicons.ttf in Resources */ = {isa = PBXBuildFile; fileRef = 2E5086BFE8194598A0F0B5EF /* Octicons.ttf */; };
		4F73AB13EB1D4B139BBEE6C7 /* Roboto_medium.ttf in Resources */ = {isa = PBXBuildFile; fileRef = CC04327209FE466789DF72BE /* Roboto_medium.ttf */; };
		E712B86CDBEB438F89C4F58B /* Roboto.ttf in Resources */ = {isa = PBXBuildFile; fileRef = 9CECD6C4AE2844EB86CA1E35 /* Roboto.ttf */; };
		9DACFF19A4A440BFB3E766D7 /* rubicon-icon-font.ttf in Resources */ = {isa = PBXBuildFile; fileRef = B5A20550678B4677AD2E937B /* rubicon-icon-font.ttf */; };
		CFE56414F982441A845DA4D0 /* SimpleLineIcons.ttf in Resources */ = {isa = PBXBuildFile; fileRef = 875CB0FC61054EA2A010283C /* SimpleLineIcons.ttf */; };
		2ED571FD76984D95A95AD8EF /* Zocial.ttf in Resources */ = {isa = PBXBuildFile; fileRef = 3D5E729E80F2406BBF14CCB0 /* Zocial.ttf */; };
		23985BE194FA45D0907B3A25 /* Anton-Regular.ttf in Resources */ = {isa = PBXBuildFile; fileRef = 0FE12182F21D4248847F5683 /* Anton-Regular.ttf */; };
		9D2447B9D49F40D18F4667C9 /* FredokaOne-Regular.ttf in Resources */ = {isa = PBXBuildFile; fileRef = 3C1BFB89B5BF49CF8C7177DB /* FredokaOne-Regular.ttf */; };
		8B39E0252FD2467CACCE244D /* Itim-Regular.ttf in Resources */ = {isa = PBXBuildFile; fileRef = 03792CAD4658476FA6107BF6 /* Itim-Regular.ttf */; };
		C11080CA39244267AD8B0358 /* JosefinSans-Italic-VariableFont_wght.ttf in Resources */ = {isa = PBXBuildFile; fileRef = DA3BD6493D284AF2B22D70C3 /* JosefinSans-Italic-VariableFont_wght.ttf */; };
		3EDE56FCC1824D5A934F23F3 /* Mukta-Regular.ttf in Resources */ = {isa = PBXBuildFile; fileRef = 7433F6FE725A4995BCCF70B8 /* Mukta-Regular.ttf */; };
		3CC74CDA32E2431282A32E72 /* Mukta-SemiBold.ttf in Resources */ = {isa = PBXBuildFile; fileRef = 870F3652CA5748BB86EFB1FD /* Mukta-SemiBold.ttf */; };
		94F3580AD01F40D6974B444F /* NotoSans-Bold.ttf in Resources */ = {isa = PBXBuildFile; fileRef = 86C31A52E4DF4C76ACC1C4A1 /* NotoSans-Bold.ttf */; };
		168D03EF8A3F47358AF54E7D /* OpenSans-Regular.ttf in Resources */ = {isa = PBXBuildFile; fileRef = 5D00FEFB7111465D86F873AE /* OpenSans-Regular.ttf */; };
		ED9BF29121754029832B4E6A /* Oxanium-VariableFont_wght.ttf in Resources */ = {isa = PBXBuildFile; fileRef = 097F5FE2E61E4360B6250067 /* Oxanium-VariableFont_wght.ttf */; };
		ACE384409C3B4FECB7645144 /* SourceSansPro-SemiBold.ttf in Resources */ = {isa = PBXBuildFile; fileRef = E03B221C06214F2ABE3833F6 /* SourceSansPro-SemiBold.ttf */; };
		D916A14203FA46BF8191F10E /* Ubuntu-Regular.ttf in Resources */ = {isa = PBXBuildFile; fileRef = F7A760144ED94CE19267F90A /* Ubuntu-Regular.ttf */; };
		9C2378475A6F43A0B845B847 /* Mandali-Regular.ttf in Resources */ = {isa = PBXBuildFile; fileRef = CB4BA56A24564A3884173D21 /* Mandali-Regular.ttf */; };
/* End PBXBuildFile section */

/* Begin PBXContainerItemProxy section */
		00E356F41AD99517003FC87E /* PBXContainerItemProxy */ = {
			isa = PBXContainerItemProxy;
			containerPortal = 83CBB9F71A601CBA00E9B192 /* Project object */;
			proxyType = 1;
			remoteGlobalIDString = 13B07F861A680F5B00A75B9A;
			remoteInfo = Opens;
		};
/* End PBXContainerItemProxy section */

/* Begin PBXFileReference section */
		00E356EE1AD99517003FC87E /* OpensTests.xctest */ = {isa = PBXFileReference; explicitFileType = wrapper.cfbundle; includeInIndex = 0; path = OpensTests.xctest; sourceTree = BUILT_PRODUCTS_DIR; };
		00E356F11AD99517003FC87E /* Info.plist */ = {isa = PBXFileReference; lastKnownFileType = text.plist.xml; path = Info.plist; sourceTree = "<group>"; };
		00E356F21AD99517003FC87E /* OpensTests.m */ = {isa = PBXFileReference; lastKnownFileType = sourcecode.c.objc; path = OpensTests.m; sourceTree = "<group>"; };
		13B07F961A680F5B00A75B9A /* Opens.app */ = {isa = PBXFileReference; explicitFileType = wrapper.application; includeInIndex = 0; path = Opens.app; sourceTree = BUILT_PRODUCTS_DIR; };
		13B07FAF1A68108700A75B9A /* AppDelegate.h */ = {isa = PBXFileReference; fileEncoding = 4; lastKnownFileType = sourcecode.c.h; name = AppDelegate.h; path = Opens/AppDelegate.h; sourceTree = "<group>"; };
		13B07FB01A68108700A75B9A /* AppDelegate.m */ = {isa = PBXFileReference; fileEncoding = 4; lastKnownFileType = sourcecode.c.objc; name = AppDelegate.m; path = Opens/AppDelegate.m; sourceTree = "<group>"; };
		13B07FB51A68108700A75B9A /* Images.xcassets */ = {isa = PBXFileReference; lastKnownFileType = folder.assetcatalog; name = Images.xcassets; path = Opens/Images.xcassets; sourceTree = "<group>"; };
		13B07FB61A68108700A75B9A /* Info.plist */ = {isa = PBXFileReference; fileEncoding = 4; lastKnownFileType = text.plist.xml; name = Info.plist; path = Opens/Info.plist; sourceTree = "<group>"; };
		13B07FB71A68108700A75B9A /* main.m */ = {isa = PBXFileReference; fileEncoding = 4; lastKnownFileType = sourcecode.c.objc; name = main.m; path = Opens/main.m; sourceTree = "<group>"; };
		81AB9BB72411601600AC10FF /* LaunchScreen.storyboard */ = {isa = PBXFileReference; fileEncoding = 4; lastKnownFileType = file.storyboard; name = LaunchScreen.storyboard; path = Opens/LaunchScreen.storyboard; sourceTree = "<group>"; };
		ED297162215061F000B7C4FE /* JavaScriptCore.framework */ = {isa = PBXFileReference; lastKnownFileType = wrapper.framework; name = JavaScriptCore.framework; path = System/Library/Frameworks/JavaScriptCore.framework; sourceTree = SDKROOT; };
		59036B1740AF476E82F5F74E /* ZenDots-Regular.ttf */ = {isa = PBXFileReference; name = "ZenDots-Regular.ttf"; path = "../components/styles/fonts/ZenDots-Regular.ttf"; sourceTree = "<group>"; fileEncoding = undefined; lastKnownFileType = unknown; explicitFileType = undefined; includeInIndex = 0; };
		6DFC65C69F0544A883F6994A /* AntDesign.ttf */ = {isa = PBXFileReference; name = "AntDesign.ttf"; path = "../node_modules/native-base/Fonts/AntDesign.ttf"; sourceTree = "<group>"; fileEncoding = undefined; lastKnownFileType = unknown; explicitFileType = undefined; includeInIndex = 0; };
		9DABAA97201645519B64B058 /* Entypo.ttf */ = {isa = PBXFileReference; name = "Entypo.ttf"; path = "../node_modules/native-base/Fonts/Entypo.ttf"; sourceTree = "<group>"; fileEncoding = undefined; lastKnownFileType = unknown; explicitFileType = undefined; includeInIndex = 0; };
		4AE307A89C8141A781A88CC5 /* EvilIcons.ttf */ = {isa = PBXFileReference; name = "EvilIcons.ttf"; path = "../node_modules/native-base/Fonts/EvilIcons.ttf"; sourceTree = "<group>"; fileEncoding = undefined; lastKnownFileType = unknown; explicitFileType = undefined; includeInIndex = 0; };
		BB875B6AE74644698BCC8B73 /* Feather.ttf */ = {isa = PBXFileReference; name = "Feather.ttf"; path = "../node_modules/native-base/Fonts/Feather.ttf"; sourceTree = "<group>"; fileEncoding = undefined; lastKnownFileType = unknown; explicitFileType = undefined; includeInIndex = 0; };
		29B36FFC33D54034A283F71A /* FontAwesome.ttf */ = {isa = PBXFileReference; name = "FontAwesome.ttf"; path = "../node_modules/native-base/Fonts/FontAwesome.ttf"; sourceTree = "<group>"; fileEncoding = undefined; lastKnownFileType = unknown; explicitFileType = undefined; includeInIndex = 0; };
		0F57AB92FE5240F8B8B346CF /* FontAwesome5_Brands.ttf */ = {isa = PBXFileReference; name = "FontAwesome5_Brands.ttf"; path = "../node_modules/native-base/Fonts/FontAwesome5_Brands.ttf"; sourceTree = "<group>"; fileEncoding = undefined; lastKnownFileType = unknown; explicitFileType = undefined; includeInIndex = 0; };
		B77CC1431CF44308BE203D3C /* FontAwesome5_Regular.ttf */ = {isa = PBXFileReference; name = "FontAwesome5_Regular.ttf"; path = "../node_modules/native-base/Fonts/FontAwesome5_Regular.ttf"; sourceTree = "<group>"; fileEncoding = undefined; lastKnownFileType = unknown; explicitFileType = undefined; includeInIndex = 0; };
		AA5613EC6D85412589817B9A /* FontAwesome5_Solid.ttf */ = {isa = PBXFileReference; name = "FontAwesome5_Solid.ttf"; path = "../node_modules/native-base/Fonts/FontAwesome5_Solid.ttf"; sourceTree = "<group>"; fileEncoding = undefined; lastKnownFileType = unknown; explicitFileType = undefined; includeInIndex = 0; };
		FA56E042E4C645A9A565B0B7 /* Fontisto.ttf */ = {isa = PBXFileReference; name = "Fontisto.ttf"; path = "../node_modules/native-base/Fonts/Fontisto.ttf"; sourceTree = "<group>"; fileEncoding = undefined; lastKnownFileType = unknown; explicitFileType = undefined; includeInIndex = 0; };
		8D3E1B3FB2BB47B7A65EB8AB /* Foundation.ttf */ = {isa = PBXFileReference; name = "Foundation.ttf"; path = "../node_modules/native-base/Fonts/Foundation.ttf"; sourceTree = "<group>"; fileEncoding = undefined; lastKnownFileType = unknown; explicitFileType = undefined; includeInIndex = 0; };
		842A8C314E9A4E8C9C7339D4 /* Ionicons.ttf */ = {isa = PBXFileReference; name = "Ionicons.ttf"; path = "../node_modules/native-base/Fonts/Ionicons.ttf"; sourceTree = "<group>"; fileEncoding = undefined; lastKnownFileType = unknown; explicitFileType = undefined; includeInIndex = 0; };
		B26DA1858268471680CCD1BA /* MaterialCommunityIcons.ttf */ = {isa = PBXFileReference; name = "MaterialCommunityIcons.ttf"; path = "../node_modules/native-base/Fonts/MaterialCommunityIcons.ttf"; sourceTree = "<group>"; fileEncoding = undefined; lastKnownFileType = unknown; explicitFileType = undefined; includeInIndex = 0; };
		D0D4BB4D9306450CA5533F93 /* MaterialIcons.ttf */ = {isa = PBXFileReference; name = "MaterialIcons.ttf"; path = "../node_modules/native-base/Fonts/MaterialIcons.ttf"; sourceTree = "<group>"; fileEncoding = undefined; lastKnownFileType = unknown; explicitFileType = undefined; includeInIndex = 0; };
		2E5086BFE8194598A0F0B5EF /* Octicons.ttf */ = {isa = PBXFileReference; name = "Octicons.ttf"; path = "../node_modules/native-base/Fonts/Octicons.ttf"; sourceTree = "<group>"; fileEncoding = undefined; lastKnownFileType = unknown; explicitFileType = undefined; includeInIndex = 0; };
		CC04327209FE466789DF72BE /* Roboto_medium.ttf */ = {isa = PBXFileReference; name = "Roboto_medium.ttf"; path = "../node_modules/native-base/Fonts/Roboto_medium.ttf"; sourceTree = "<group>"; fileEncoding = undefined; lastKnownFileType = unknown; explicitFileType = undefined; includeInIndex = 0; };
		9CECD6C4AE2844EB86CA1E35 /* Roboto.ttf */ = {isa = PBXFileReference; name = "Roboto.ttf"; path = "../node_modules/native-base/Fonts/Roboto.ttf"; sourceTree = "<group>"; fileEncoding = undefined; lastKnownFileType = unknown; explicitFileType = undefined; includeInIndex = 0; };
		B5A20550678B4677AD2E937B /* rubicon-icon-font.ttf */ = {isa = PBXFileReference; name = "rubicon-icon-font.ttf"; path = "../node_modules/native-base/Fonts/rubicon-icon-font.ttf"; sourceTree = "<group>"; fileEncoding = undefined; lastKnownFileType = unknown; explicitFileType = undefined; includeInIndex = 0; };
		875CB0FC61054EA2A010283C /* SimpleLineIcons.ttf */ = {isa = PBXFileReference; name = "SimpleLineIcons.ttf"; path = "../node_modules/native-base/Fonts/SimpleLineIcons.ttf"; sourceTree = "<group>"; fileEncoding = undefined; lastKnownFileType = unknown; explicitFileType = undefined; includeInIndex = 0; };
		3D5E729E80F2406BBF14CCB0 /* Zocial.ttf */ = {isa = PBXFileReference; name = "Zocial.ttf"; path = "../node_modules/native-base/Fonts/Zocial.ttf"; sourceTree = "<group>"; fileEncoding = undefined; lastKnownFileType = unknown; explicitFileType = undefined; includeInIndex = 0; };
		0FE12182F21D4248847F5683 /* Anton-Regular.ttf */ = {isa = PBXFileReference; name = "Anton-Regular.ttf"; path = "../components/styles/fonts/Anton-Regular.ttf"; sourceTree = "<group>"; fileEncoding = undefined; lastKnownFileType = unknown; explicitFileType = undefined; includeInIndex = 0; };
		3C1BFB89B5BF49CF8C7177DB /* FredokaOne-Regular.ttf */ = {isa = PBXFileReference; name = "FredokaOne-Regular.ttf"; path = "../components/styles/fonts/FredokaOne-Regular.ttf"; sourceTree = "<group>"; fileEncoding = undefined; lastKnownFileType = unknown; explicitFileType = undefined; includeInIndex = 0; };
		03792CAD4658476FA6107BF6 /* Itim-Regular.ttf */ = {isa = PBXFileReference; name = "Itim-Regular.ttf"; path = "../components/styles/fonts/Itim-Regular.ttf"; sourceTree = "<group>"; fileEncoding = undefined; lastKnownFileType = unknown; explicitFileType = undefined; includeInIndex = 0; };
		DA3BD6493D284AF2B22D70C3 /* JosefinSans-Italic-VariableFont_wght.ttf */ = {isa = PBXFileReference; name = "JosefinSans-Italic-VariableFont_wght.ttf"; path = "../components/styles/fonts/JosefinSans-Italic-VariableFont_wght.ttf"; sourceTree = "<group>"; fileEncoding = undefined; lastKnownFileType = unknown; explicitFileType = undefined; includeInIndex = 0; };
		7433F6FE725A4995BCCF70B8 /* Mukta-Regular.ttf */ = {isa = PBXFileReference; name = "Mukta-Regular.ttf"; path = "../components/styles/fonts/Mukta-Regular.ttf"; sourceTree = "<group>"; fileEncoding = undefined; lastKnownFileType = unknown; explicitFileType = undefined; includeInIndex = 0; };
		870F3652CA5748BB86EFB1FD /* Mukta-SemiBold.ttf */ = {isa = PBXFileReference; name = "Mukta-SemiBold.ttf"; path = "../components/styles/fonts/Mukta-SemiBold.ttf"; sourceTree = "<group>"; fileEncoding = undefined; lastKnownFileType = unknown; explicitFileType = undefined; includeInIndex = 0; };
		86C31A52E4DF4C76ACC1C4A1 /* NotoSans-Bold.ttf */ = {isa = PBXFileReference; name = "NotoSans-Bold.ttf"; path = "../components/styles/fonts/NotoSans-Bold.ttf"; sourceTree = "<group>"; fileEncoding = undefined; lastKnownFileType = unknown; explicitFileType = undefined; includeInIndex = 0; };
		5D00FEFB7111465D86F873AE /* OpenSans-Regular.ttf */ = {isa = PBXFileReference; name = "OpenSans-Regular.ttf"; path = "../components/styles/fonts/OpenSans-Regular.ttf"; sourceTree = "<group>"; fileEncoding = undefined; lastKnownFileType = unknown; explicitFileType = undefined; includeInIndex = 0; };
		097F5FE2E61E4360B6250067 /* Oxanium-VariableFont_wght.ttf */ = {isa = PBXFileReference; name = "Oxanium-VariableFont_wght.ttf"; path = "../components/styles/fonts/Oxanium-VariableFont_wght.ttf"; sourceTree = "<group>"; fileEncoding = undefined; lastKnownFileType = unknown; explicitFileType = undefined; includeInIndex = 0; };
		E03B221C06214F2ABE3833F6 /* SourceSansPro-SemiBold.ttf */ = {isa = PBXFileReference; name = "SourceSansPro-SemiBold.ttf"; path = "../components/styles/fonts/SourceSansPro-SemiBold.ttf"; sourceTree = "<group>"; fileEncoding = undefined; lastKnownFileType = unknown; explicitFileType = undefined; includeInIndex = 0; };
		F7A760144ED94CE19267F90A /* Ubuntu-Regular.ttf */ = {isa = PBXFileReference; name = "Ubuntu-Regular.ttf"; path = "../components/styles/fonts/Ubuntu-Regular.ttf"; sourceTree = "<group>"; fileEncoding = undefined; lastKnownFileType = unknown; explicitFileType = undefined; includeInIndex = 0; };
		CB4BA56A24564A3884173D21 /* Mandali-Regular.ttf */ = {isa = PBXFileReference; name = "Mandali-Regular.ttf"; path = "../components/styles/fonts/Mandali-Regular.ttf"; sourceTree = "<group>"; fileEncoding = undefined; lastKnownFileType = unknown; explicitFileType = undefined; includeInIndex = 0; };
/* End PBXFileReference section */

/* Begin PBXFrameworksBuildPhase section */
		00E356EB1AD99517003FC87E /* Frameworks */ = {
			isa = PBXFrameworksBuildPhase;
			buildActionMask = 2147483647;
			files = (
			);
			runOnlyForDeploymentPostprocessing = 0;
		};
		13B07F8C1A680F5B00A75B9A /* Frameworks */ = {
			isa = PBXFrameworksBuildPhase;
			buildActionMask = 2147483647;
			files = (
			);
			runOnlyForDeploymentPostprocessing = 0;
		};
/* End PBXFrameworksBuildPhase section */

/* Begin PBXGroup section */
		00E356EF1AD99517003FC87E /* OpensTests */ = {
			isa = PBXGroup;
			children = (
				00E356F21AD99517003FC87E /* OpensTests.m */,
				00E356F01AD99517003FC87E /* Supporting Files */,
			);
			path = OpensTests;
			sourceTree = "<group>";
		};
		00E356F01AD99517003FC87E /* Supporting Files */ = {
			isa = PBXGroup;
			children = (
				00E356F11AD99517003FC87E /* Info.plist */,
			);
			name = "Supporting Files";
			sourceTree = "<group>";
		};
		13B07FAE1A68108700A75B9A /* Opens */ = {
			isa = PBXGroup;
			children = (
				13B07FAF1A68108700A75B9A /* AppDelegate.h */,
				13B07FB01A68108700A75B9A /* AppDelegate.m */,
				13B07FB51A68108700A75B9A /* Images.xcassets */,
				13B07FB61A68108700A75B9A /* Info.plist */,
				81AB9BB72411601600AC10FF /* LaunchScreen.storyboard */,
				13B07FB71A68108700A75B9A /* main.m */,
			);
			name = Opens;
			sourceTree = "<group>";
		};
		2D16E6871FA4F8E400B85C8A /* Frameworks */ = {
			isa = PBXGroup;
			children = (
				ED297162215061F000B7C4FE /* JavaScriptCore.framework */,
			);
			name = Frameworks;
			sourceTree = "<group>";
		};
		832341AE1AAA6A7D00B99B32 /* Libraries */ = {
			isa = PBXGroup;
			children = (
			);
			name = Libraries;
			sourceTree = "<group>";
		};
		83CBB9F61A601CBA00E9B192 = {
			isa = PBXGroup;
			children = (
				13B07FAE1A68108700A75B9A /* Opens */,
				832341AE1AAA6A7D00B99B32 /* Libraries */,
				00E356EF1AD99517003FC87E /* OpensTests */,
				83CBBA001A601CBA00E9B192 /* Products */,
				2D16E6871FA4F8E400B85C8A /* Frameworks */,
				33C9AE592F0B45EA821844FA /* Resources */,
			);
			indentWidth = 2;
			sourceTree = "<group>";
			tabWidth = 2;
			usesTabs = 0;
		};
		83CBBA001A601CBA00E9B192 /* Products */ = {
			isa = PBXGroup;
			children = (
				13B07F961A680F5B00A75B9A /* Opens.app */,
				00E356EE1AD99517003FC87E /* OpensTests.xctest */,
			);
			name = Products;
			sourceTree = "<group>";
		};
		33C9AE592F0B45EA821844FA /* Resources */ = {
			isa = "PBXGroup";
			children = (
				59036B1740AF476E82F5F74E /* ZenDots-Regular.ttf */,
				6DFC65C69F0544A883F6994A /* AntDesign.ttf */,
				9DABAA97201645519B64B058 /* Entypo.ttf */,
				4AE307A89C8141A781A88CC5 /* EvilIcons.ttf */,
				BB875B6AE74644698BCC8B73 /* Feather.ttf */,
				29B36FFC33D54034A283F71A /* FontAwesome.ttf */,
				0F57AB92FE5240F8B8B346CF /* FontAwesome5_Brands.ttf */,
				B77CC1431CF44308BE203D3C /* FontAwesome5_Regular.ttf */,
				AA5613EC6D85412589817B9A /* FontAwesome5_Solid.ttf */,
				FA56E042E4C645A9A565B0B7 /* Fontisto.ttf */,
				8D3E1B3FB2BB47B7A65EB8AB /* Foundation.ttf */,
				842A8C314E9A4E8C9C7339D4 /* Ionicons.ttf */,
				B26DA1858268471680CCD1BA /* MaterialCommunityIcons.ttf */,
				D0D4BB4D9306450CA5533F93 /* MaterialIcons.ttf */,
				2E5086BFE8194598A0F0B5EF /* Octicons.ttf */,
				CC04327209FE466789DF72BE /* Roboto_medium.ttf */,
				9CECD6C4AE2844EB86CA1E35 /* Roboto.ttf */,
				B5A20550678B4677AD2E937B /* rubicon-icon-font.ttf */,
				875CB0FC61054EA2A010283C /* SimpleLineIcons.ttf */,
				3D5E729E80F2406BBF14CCB0 /* Zocial.ttf */,
				0FE12182F21D4248847F5683 /* Anton-Regular.ttf */,
				3C1BFB89B5BF49CF8C7177DB /* FredokaOne-Regular.ttf */,
				03792CAD4658476FA6107BF6 /* Itim-Regular.ttf */,
				DA3BD6493D284AF2B22D70C3 /* JosefinSans-Italic-VariableFont_wght.ttf */,
				7433F6FE725A4995BCCF70B8 /* Mukta-Regular.ttf */,
				870F3652CA5748BB86EFB1FD /* Mukta-SemiBold.ttf */,
				86C31A52E4DF4C76ACC1C4A1 /* NotoSans-Bold.ttf */,
				5D00FEFB7111465D86F873AE /* OpenSans-Regular.ttf */,
				097F5FE2E61E4360B6250067 /* Oxanium-VariableFont_wght.ttf */,
				E03B221C06214F2ABE3833F6 /* SourceSansPro-SemiBold.ttf */,
				F7A760144ED94CE19267F90A /* Ubuntu-Regular.ttf */,
				CB4BA56A24564A3884173D21 /* Mandali-Regular.ttf */,
			);
			name = Resources;
			sourceTree = "<group>";
			path = "";
		};
/* End PBXGroup section */

/* Begin PBXNativeTarget section */
		00E356ED1AD99517003FC87E /* OpensTests */ = {
			isa = PBXNativeTarget;
			buildConfigurationList = 00E357021AD99517003FC87E /* Build configuration list for PBXNativeTarget "OpensTests" */;
			buildPhases = (
				00E356EA1AD99517003FC87E /* Sources */,
				00E356EB1AD99517003FC87E /* Frameworks */,
				00E356EC1AD99517003FC87E /* Resources */,
			);
			buildRules = (
			);
			dependencies = (
				00E356F51AD99517003FC87E /* PBXTargetDependency */,
			);
			name = OpensTests;
			productName = OpensTests;
			productReference = 00E356EE1AD99517003FC87E /* OpensTests.xctest */;
			productType = "com.apple.product-type.bundle.unit-test";
		};
		13B07F861A680F5B00A75B9A /* Opens */ = {
			isa = PBXNativeTarget;
			buildConfigurationList = 13B07F931A680F5B00A75B9A /* Build configuration list for PBXNativeTarget "Opens" */;
			buildPhases = (
				FD10A7F022414F080027D42C /* Start Packager */,
				13B07F871A680F5B00A75B9A /* Sources */,
				13B07F8C1A680F5B00A75B9A /* Frameworks */,
				13B07F8E1A680F5B00A75B9A /* Resources */,
				00DD1BFF1BD5951E006B06BC /* Bundle React Native code and images */,
			);
			buildRules = (
			);
			dependencies = (
			);
			name = Opens;
			productName = Opens;
			productReference = 13B07F961A680F5B00A75B9A /* Opens.app */;
			productType = "com.apple.product-type.application";
		};
/* End PBXNativeTarget section */

/* Begin PBXProject section */
		83CBB9F71A601CBA00E9B192 /* Project object */ = {
			isa = PBXProject;
			attributes = {
				LastUpgradeCheck = 1210;
				TargetAttributes = {
					00E356ED1AD99517003FC87E = {
						CreatedOnToolsVersion = 6.2;
						TestTargetID = 13B07F861A680F5B00A75B9A;
					};
					13B07F861A680F5B00A75B9A = {
						LastSwiftMigration = 1120;
					};
				};
			};
			buildConfigurationList = 83CBB9FA1A601CBA00E9B192 /* Build configuration list for PBXProject "Opens" */;
			compatibilityVersion = "Xcode 12.0";
			developmentRegion = en;
			hasScannedForEncodings = 0;
			knownRegions = (
				en,
				Base,
			);
			mainGroup = 83CBB9F61A601CBA00E9B192;
			productRefGroup = 83CBBA001A601CBA00E9B192 /* Products */;
			projectDirPath = "";
			projectRoot = "";
			targets = (
				13B07F861A680F5B00A75B9A /* Opens */,
				00E356ED1AD99517003FC87E /* OpensTests */,
			);
		};
/* End PBXProject section */

/* Begin PBXResourcesBuildPhase section */
		00E356EC1AD99517003FC87E /* Resources */ = {
			isa = PBXResourcesBuildPhase;
			buildActionMask = 2147483647;
			files = (
			);
			runOnlyForDeploymentPostprocessing = 0;
		};
		13B07F8E1A680F5B00A75B9A /* Resources */ = {
			isa = PBXResourcesBuildPhase;
			buildActionMask = 2147483647;
			files = (
				81AB9BB82411601600AC10FF /* LaunchScreen.storyboard in Resources */,
				13B07FBF1A68108700A75B9A /* Images.xcassets in Resources */,
				53FBCB6660E74E23A6B79DC8 /* ZenDots-Regular.ttf in Resources */,
				1F8B23D587DB4A33A4A24EB2 /* AntDesign.ttf in Resources */,
				7E2D13C89FDD4B90B23DAB59 /* Entypo.ttf in Resources */,
				B1BBD9D6164743B9AE83F75D /* EvilIcons.ttf in Resources */,
				E4C573752C014C3984B6B1C3 /* Feather.ttf in Resources */,
				3A173382DAAA462EA6CEF0E0 /* FontAwesome.ttf in Resources */,
				DB6BEF6A4EE74BF6859B687D /* FontAwesome5_Brands.ttf in Resources */,
				C97F4DA7CF0A414F92F96B96 /* FontAwesome5_Regular.ttf in Resources */,
				267FD93285994753A4B44E3F /* FontAwesome5_Solid.ttf in Resources */,
				54690D79B10B479AB1B29408 /* Fontisto.ttf in Resources */,
				27213B65999B4D7199EAA1B2 /* Foundation.ttf in Resources */,
				B4EEFE9968C74F0AA99774E0 /* Ionicons.ttf in Resources */,
				496B72E50C8D43C2B9066039 /* MaterialCommunityIcons.ttf in Resources */,
				9043A0BE364B49FDA75B9A21 /* MaterialIcons.ttf in Resources */,
				0532E6FB23A84215BBAE3D17 /* Octicons.ttf in Resources */,
				4F73AB13EB1D4B139BBEE6C7 /* Roboto_medium.ttf in Resources */,
				E712B86CDBEB438F89C4F58B /* Roboto.ttf in Resources */,
				9DACFF19A4A440BFB3E766D7 /* rubicon-icon-font.ttf in Resources */,
				CFE56414F982441A845DA4D0 /* SimpleLineIcons.ttf in Resources */,
				2ED571FD76984D95A95AD8EF /* Zocial.ttf in Resources */,
				23985BE194FA45D0907B3A25 /* Anton-Regular.ttf in Resources */,
				9D2447B9D49F40D18F4667C9 /* FredokaOne-Regular.ttf in Resources */,
				8B39E0252FD2467CACCE244D /* Itim-Regular.ttf in Resources */,
				C11080CA39244267AD8B0358 /* JosefinSans-Italic-VariableFont_wght.ttf in Resources */,
				3EDE56FCC1824D5A934F23F3 /* Mukta-Regular.ttf in Resources */,
				3CC74CDA32E2431282A32E72 /* Mukta-SemiBold.ttf in Resources */,
				94F3580AD01F40D6974B444F /* NotoSans-Bold.ttf in Resources */,
				168D03EF8A3F47358AF54E7D /* OpenSans-Regular.ttf in Resources */,
				ED9BF29121754029832B4E6A /* Oxanium-VariableFont_wght.ttf in Resources */,
				ACE384409C3B4FECB7645144 /* SourceSansPro-SemiBold.ttf in Resources */,
				D916A14203FA46BF8191F10E /* Ubuntu-Regular.ttf in Resources */,
				9C2378475A6F43A0B845B847 /* Mandali-Regular.ttf in Resources */,
			);
			runOnlyForDeploymentPostprocessing = 0;
		};
/* End PBXResourcesBuildPhase section */

/* Begin PBXShellScriptBuildPhase section */
		00DD1BFF1BD5951E006B06BC /* Bundle React Native code and images */ = {
			isa = PBXShellScriptBuildPhase;
			buildActionMask = 2147483647;
			files = (
			);
			inputPaths = (
			);
			name = "Bundle React Native code and images";
			outputPaths = (
			);
			runOnlyForDeploymentPostprocessing = 0;
			shellPath = /bin/sh;
			shellScript = "set -e\n\nexport NODE_BINARY=node\n../node_modules/react-native/scripts/react-native-xcode.sh\n";
		};
		FD10A7F022414F080027D42C /* Start Packager */ = {
			isa = PBXShellScriptBuildPhase;
			buildActionMask = 2147483647;
			files = (
			);
			inputFileListPaths = (
			);
			inputPaths = (
			);
			name = "Start Packager";
			outputFileListPaths = (
			);
			outputPaths = (
			);
			runOnlyForDeploymentPostprocessing = 0;
			shellPath = /bin/sh;
			shellScript = "export RCT_METRO_PORT=\"${RCT_METRO_PORT:=8081}\"\necho \"export RCT_METRO_PORT=${RCT_METRO_PORT}\" > \"${SRCROOT}/../node_modules/react-native/scripts/.packager.env\"\nif [ -z \"${RCT_NO_LAUNCH_PACKAGER+xxx}\" ] ; then\n  if nc -w 5 -z localhost ${RCT_METRO_PORT} ; then\n    if ! curl -s \"http://localhost:${RCT_METRO_PORT}/status\" | grep -q \"packager-status:running\" ; then\n      echo \"Port ${RCT_METRO_PORT} already in use, packager is either not running or not running correctly\"\n      exit 2\n    fi\n  else\n    open \"$SRCROOT/../node_modules/react-native/scripts/launchPackager.command\" || echo \"Can't start packager automatically\"\n  fi\nfi\n";
			showEnvVarsInLog = 0;
		};
/* End PBXShellScriptBuildPhase section */

/* Begin PBXSourcesBuildPhase section */
		00E356EA1AD99517003FC87E /* Sources */ = {
			isa = PBXSourcesBuildPhase;
			buildActionMask = 2147483647;
			files = (
				00E356F31AD99517003FC87E /* OpensTests.m in Sources */,
			);
			runOnlyForDeploymentPostprocessing = 0;
		};
		13B07F871A680F5B00A75B9A /* Sources */ = {
			isa = PBXSourcesBuildPhase;
			buildActionMask = 2147483647;
			files = (
				13B07FBC1A68108700A75B9A /* AppDelegate.m in Sources */,
				13B07FC11A68108700A75B9A /* main.m in Sources */,
			);
			runOnlyForDeploymentPostprocessing = 0;
		};
/* End PBXSourcesBuildPhase section */

/* Begin PBXTargetDependency section */
		00E356F51AD99517003FC87E /* PBXTargetDependency */ = {
			isa = PBXTargetDependency;
			target = 13B07F861A680F5B00A75B9A /* Opens */;
			targetProxy = 00E356F41AD99517003FC87E /* PBXContainerItemProxy */;
		};
/* End PBXTargetDependency section */

/* Begin XCBuildConfiguration section */
		00E356F61AD99517003FC87E /* Debug */ = {
			isa = XCBuildConfiguration;
			buildSettings = {
				BUNDLE_LOADER = "$(TEST_HOST)";
				GCC_PREPROCESSOR_DEFINITIONS = (
					"DEBUG=1",
					"$(inherited)",
				);
				INFOPLIST_FILE = OpensTests/Info.plist;
				IPHONEOS_DEPLOYMENT_TARGET = 10.0;
				LD_RUNPATH_SEARCH_PATHS = (
					"$(inherited)",
					"@executable_path/Frameworks",
					"@loader_path/Frameworks",
				);
				OTHER_LDFLAGS = (
					"-ObjC",
					"-lc++",
					"$(inherited)",
				);
				PRODUCT_BUNDLE_IDENTIFIER = "org.reactjs.native.example.$(PRODUCT_NAME:rfc1034identifier)";
				PRODUCT_NAME = "$(TARGET_NAME)";
				TEST_HOST = "$(BUILT_PRODUCTS_DIR)/Opens.app/Opens";
			};
			name = Debug;
		};
		00E356F71AD99517003FC87E /* Release */ = {
			isa = XCBuildConfiguration;
			buildSettings = {
				BUNDLE_LOADER = "$(TEST_HOST)";
				COPY_PHASE_STRIP = NO;
				INFOPLIST_FILE = OpensTests/Info.plist;
				IPHONEOS_DEPLOYMENT_TARGET = 10.0;
				LD_RUNPATH_SEARCH_PATHS = (
					"$(inherited)",
					"@executable_path/Frameworks",
					"@loader_path/Frameworks",
				);
				OTHER_LDFLAGS = (
					"-ObjC",
					"-lc++",
					"$(inherited)",
				);
				PRODUCT_BUNDLE_IDENTIFIER = "org.reactjs.native.example.$(PRODUCT_NAME:rfc1034identifier)";
				PRODUCT_NAME = "$(TARGET_NAME)";
				TEST_HOST = "$(BUILT_PRODUCTS_DIR)/Opens.app/Opens";
			};
			name = Release;
		};
		13B07F941A680F5B00A75B9A /* Debug */ = {
			isa = XCBuildConfiguration;
			buildSettings = {
				ASSETCATALOG_COMPILER_APPICON_NAME = AppIcon;
				CLANG_ENABLE_MODULES = YES;
				CURRENT_PROJECT_VERSION = 1;
				ENABLE_BITCODE = NO;
				INFOPLIST_FILE = Opens/Info.plist;
				LD_RUNPATH_SEARCH_PATHS = (
					"$(inherited)",
					"@executable_path/Frameworks",
				);
				OTHER_LDFLAGS = (
					"$(inherited)",
					"-ObjC",
					"-lc++",
				);
				PRODUCT_BUNDLE_IDENTIFIER = "org.reactjs.native.example.$(PRODUCT_NAME:rfc1034identifier)";
				PRODUCT_NAME = Opens;
				SWIFT_OPTIMIZATION_LEVEL = "-Onone";
				SWIFT_VERSION = 5.0;
				VERSIONING_SYSTEM = "apple-generic";
			};
			name = Debug;
		};
		13B07F951A680F5B00A75B9A /* Release */ = {
			isa = XCBuildConfiguration;
			buildSettings = {
				ASSETCATALOG_COMPILER_APPICON_NAME = AppIcon;
				CLANG_ENABLE_MODULES = YES;
				CURRENT_PROJECT_VERSION = 1;
				INFOPLIST_FILE = Opens/Info.plist;
				LD_RUNPATH_SEARCH_PATHS = (
					"$(inherited)",
					"@executable_path/Frameworks",
				);
				OTHER_LDFLAGS = (
					"$(inherited)",
					"-ObjC",
					"-lc++",
				);
				PRODUCT_BUNDLE_IDENTIFIER = "org.reactjs.native.example.$(PRODUCT_NAME:rfc1034identifier)";
				PRODUCT_NAME = Opens;
				SWIFT_VERSION = 5.0;
				VERSIONING_SYSTEM = "apple-generic";
			};
			name = Release;
		};
		83CBBA201A601CBA00E9B192 /* Debug */ = {
			isa = XCBuildConfiguration;
			buildSettings = {
				ALWAYS_SEARCH_USER_PATHS = NO;
				CLANG_ANALYZER_LOCALIZABILITY_NONLOCALIZED = YES;
				CLANG_CXX_LANGUAGE_STANDARD = "gnu++0x";
				CLANG_CXX_LIBRARY = "libc++";
				CLANG_ENABLE_MODULES = YES;
				CLANG_ENABLE_OBJC_ARC = YES;
				CLANG_WARN_BLOCK_CAPTURE_AUTORELEASING = YES;
				CLANG_WARN_BOOL_CONVERSION = YES;
				CLANG_WARN_COMMA = YES;
				CLANG_WARN_CONSTANT_CONVERSION = YES;
				CLANG_WARN_DEPRECATED_OBJC_IMPLEMENTATIONS = YES;
				CLANG_WARN_DIRECT_OBJC_ISA_USAGE = YES_ERROR;
				CLANG_WARN_EMPTY_BODY = YES;
				CLANG_WARN_ENUM_CONVERSION = YES;
				CLANG_WARN_INFINITE_RECURSION = YES;
				CLANG_WARN_INT_CONVERSION = YES;
				CLANG_WARN_NON_LITERAL_NULL_CONVERSION = YES;
				CLANG_WARN_OBJC_IMPLICIT_RETAIN_SELF = YES;
				CLANG_WARN_OBJC_LITERAL_CONVERSION = YES;
				CLANG_WARN_OBJC_ROOT_CLASS = YES_ERROR;
				CLANG_WARN_QUOTED_INCLUDE_IN_FRAMEWORK_HEADER = YES;
				CLANG_WARN_RANGE_LOOP_ANALYSIS = YES;
				CLANG_WARN_STRICT_PROTOTYPES = YES;
				CLANG_WARN_SUSPICIOUS_MOVE = YES;
				CLANG_WARN_UNREACHABLE_CODE = YES;
				CLANG_WARN__DUPLICATE_METHOD_MATCH = YES;
				"CODE_SIGN_IDENTITY[sdk=iphoneos*]" = "iPhone Developer";
				COPY_PHASE_STRIP = NO;
				ENABLE_STRICT_OBJC_MSGSEND = YES;
				ENABLE_TESTABILITY = YES;
				GCC_C_LANGUAGE_STANDARD = gnu99;
				GCC_DYNAMIC_NO_PIC = NO;
				GCC_NO_COMMON_BLOCKS = YES;
				GCC_OPTIMIZATION_LEVEL = 0;
				GCC_PREPROCESSOR_DEFINITIONS = (
					"DEBUG=1",
					"$(inherited)",
				);
				GCC_SYMBOLS_PRIVATE_EXTERN = NO;
				GCC_WARN_64_TO_32_BIT_CONVERSION = YES;
				GCC_WARN_ABOUT_RETURN_TYPE = YES_ERROR;
				GCC_WARN_UNDECLARED_SELECTOR = YES;
				GCC_WARN_UNINITIALIZED_AUTOS = YES_AGGRESSIVE;
				GCC_WARN_UNUSED_FUNCTION = YES;
				GCC_WARN_UNUSED_VARIABLE = YES;
				IPHONEOS_DEPLOYMENT_TARGET = 10.0;
				LD_RUNPATH_SEARCH_PATHS = (
					/usr/lib/swift,
					"$(inherited)",
				);
				LIBRARY_SEARCH_PATHS = (
					"\"$(TOOLCHAIN_DIR)/usr/lib/swift/$(PLATFORM_NAME)\"",
					"\"$(TOOLCHAIN_DIR)/usr/lib/swift-5.0/$(PLATFORM_NAME)\"",
					"\"$(inherited)\"",
				);
				MTL_ENABLE_DEBUG_INFO = YES;
				ONLY_ACTIVE_ARCH = YES;
				SDKROOT = iphoneos;
			};
			name = Debug;
		};
		83CBBA211A601CBA00E9B192 /* Release */ = {
			isa = XCBuildConfiguration;
			buildSettings = {
				ALWAYS_SEARCH_USER_PATHS = NO;
				CLANG_ANALYZER_LOCALIZABILITY_NONLOCALIZED = YES;
				CLANG_CXX_LANGUAGE_STANDARD = "gnu++0x";
				CLANG_CXX_LIBRARY = "libc++";
				CLANG_ENABLE_MODULES = YES;
				CLANG_ENABLE_OBJC_ARC = YES;
				CLANG_WARN_BLOCK_CAPTURE_AUTORELEASING = YES;
				CLANG_WARN_BOOL_CONVERSION = YES;
				CLANG_WARN_COMMA = YES;
				CLANG_WARN_CONSTANT_CONVERSION = YES;
				CLANG_WARN_DEPRECATED_OBJC_IMPLEMENTATIONS = YES;
				CLANG_WARN_DIRECT_OBJC_ISA_USAGE = YES_ERROR;
				CLANG_WARN_EMPTY_BODY = YES;
				CLANG_WARN_ENUM_CONVERSION = YES;
				CLANG_WARN_INFINITE_RECURSION = YES;
				CLANG_WARN_INT_CONVERSION = YES;
				CLANG_WARN_NON_LITERAL_NULL_CONVERSION = YES;
				CLANG_WARN_OBJC_IMPLICIT_RETAIN_SELF = YES;
				CLANG_WARN_OBJC_LITERAL_CONVERSION = YES;
				CLANG_WARN_OBJC_ROOT_CLASS = YES_ERROR;
				CLANG_WARN_QUOTED_INCLUDE_IN_FRAMEWORK_HEADER = YES;
				CLANG_WARN_RANGE_LOOP_ANALYSIS = YES;
				CLANG_WARN_STRICT_PROTOTYPES = YES;
				CLANG_WARN_SUSPICIOUS_MOVE = YES;
				CLANG_WARN_UNREACHABLE_CODE = YES;
				CLANG_WARN__DUPLICATE_METHOD_MATCH = YES;
				"CODE_SIGN_IDENTITY[sdk=iphoneos*]" = "iPhone Developer";
				COPY_PHASE_STRIP = YES;
				ENABLE_NS_ASSERTIONS = NO;
				ENABLE_STRICT_OBJC_MSGSEND = YES;
				GCC_C_LANGUAGE_STANDARD = gnu99;
				GCC_NO_COMMON_BLOCKS = YES;
				GCC_WARN_64_TO_32_BIT_CONVERSION = YES;
				GCC_WARN_ABOUT_RETURN_TYPE = YES_ERROR;
				GCC_WARN_UNDECLARED_SELECTOR = YES;
				GCC_WARN_UNINITIALIZED_AUTOS = YES_AGGRESSIVE;
				GCC_WARN_UNUSED_FUNCTION = YES;
				GCC_WARN_UNUSED_VARIABLE = YES;
				IPHONEOS_DEPLOYMENT_TARGET = 10.0;
				LD_RUNPATH_SEARCH_PATHS = (
					/usr/lib/swift,
					"$(inherited)",
				);
				LIBRARY_SEARCH_PATHS = (
					"\"$(TOOLCHAIN_DIR)/usr/lib/swift/$(PLATFORM_NAME)\"",
					"\"$(TOOLCHAIN_DIR)/usr/lib/swift-5.0/$(PLATFORM_NAME)\"",
					"\"$(inherited)\"",
				);
				MTL_ENABLE_DEBUG_INFO = NO;
				SDKROOT = iphoneos;
				VALIDATE_PRODUCT = YES;
			};
			name = Release;
		};
/* End XCBuildConfiguration section */

/* Begin XCConfigurationList section */
		00E357021AD99517003FC87E /* Build configuration list for PBXNativeTarget "OpensTests" */ = {
			isa = XCConfigurationList;
			buildConfigurations = (
				00E356F61AD99517003FC87E /* Debug */,
				00E356F71AD99517003FC87E /* Release */,
			);
			defaultConfigurationIsVisible = 0;
			defaultConfigurationName = Release;
		};
		13B07F931A680F5B00A75B9A /* Build configuration list for PBXNativeTarget "Opens" */ = {
			isa = XCConfigurationList;
			buildConfigurations = (
				13B07F941A680F5B00A75B9A /* Debug */,
				13B07F951A680F5B00A75B9A /* Release */,
			);
			defaultConfigurationIsVisible = 0;
			defaultConfigurationName = Release;
		};
		83CBB9FA1A601CBA00E9B192 /* Build configuration list for PBXProject "Opens" */ = {
			isa = XCConfigurationList;
			buildConfigurations = (
				83CBBA201A601CBA00E9B192 /* Debug */,
				83CBBA211A601CBA00E9B192 /* Release */,
			);
			defaultConfigurationIsVisible = 0;
			defaultConfigurationName = Release;
		};
/* End XCConfigurationList section */
	};
	rootObject = 83CBB9F71A601CBA00E9B192 /* Project object */;
}
